Microsoft Visual Studio Solution File, Format Version 12.00
# Visual Studio 15
VisualStudioVersion = 15.0.26430.15
MinimumVisualStudioVersion = 15.0.26124.0
Project("{9A19103F-16F7-4668-BE54-9A1E7A4F7556}") = "api", "api\api.csproj", "{123CE465-F568-4078-86DC-D6C22F944B1D}"
EndProject
Project("{9A19103F-16F7-4668-BE54-9A1E7A4F7556}") = "domain", "domain\domain.csproj", "{C072EAF5-6145-4719-BD4D-BD792097FE0D}"
EndProject
Global
	GlobalSection(SolutionConfigurationPlatforms) = preSolution
		Debug|Any CPU = Debug|Any CPU
		Debug|x64 = Debug|x64
		Debug|x86 = Debug|x86
		Release|Any CPU = Release|Any CPU
		Release|x64 = Release|x64
		Release|x86 = Release|x86
	EndGlobalSection
	GlobalSection(ProjectConfigurationPlatforms) = postSolution
		{123CE465-F568-4078-86DC-D6C22F944B1D}.Debug|Any CPU.ActiveCfg = Debug|Any CPU
		{123CE465-F568-4078-86DC-D6C22F944B1D}.Debug|Any CPU.Build.0 = Debug|Any CPU
		{123CE465-F568-4078-86DC-D6C22F944B1D}.Debug|x64.ActiveCfg = Debug|Any CPU
		{123CE465-F568-4078-86DC-D6C22F944B1D}.Debug|x64.Build.0 = Debug|Any CPU
		{123CE465-F568-4078-86DC-D6C22F944B1D}.Debug|x86.ActiveCfg = Debug|Any CPU
		{123CE465-F568-4078-86DC-D6C22F944B1D}.Debug|x86.Build.0 = Debug|Any CPU
		{123CE465-F568-4078-86DC-D6C22F944B1D}.Release|Any CPU.ActiveCfg = Release|Any CPU
		{123CE465-F568-4078-86DC-D6C22F944B1D}.Release|Any CPU.Build.0 = Release|Any CPU
		{123CE465-F568-4078-86DC-D6C22F944B1D}.Release|x64.ActiveCfg = Release|Any CPU
		{123CE465-F568-4078-86DC-D6C22F944B1D}.Release|x64.Build.0 = Release|Any CPU
		{123CE465-F568-4078-86DC-D6C22F944B1D}.Release|x86.ActiveCfg = Release|Any CPU
		{123CE465-F568-4078-86DC-D6C22F944B1D}.Release|x86.Build.0 = Release|Any CPU
		{C072EAF5-6145-4719-BD4D-BD792097FE0D}.Debug|Any CPU.ActiveCfg = Debug|Any CPU
		{C072EAF5-6145-4719-BD4D-BD792097FE0D}.Debug|Any CPU.Build.0 = Debug|Any CPU
		{C072EAF5-6145-4719-BD4D-BD792097FE0D}.Debug|x64.ActiveCfg = Debug|Any CPU
		{C072EAF5-6145-4719-BD4D-BD792097FE0D}.Debug|x64.Build.0 = Debug|Any CPU
		{C072EAF5-6145-4719-BD4D-BD792097FE0D}.Debug|x86.ActiveCfg = Debug|Any CPU
		{C072EAF5-6145-4719-BD4D-BD792097FE0D}.Debug|x86.Build.0 = Debug|Any CPU
		{C072EAF5-6145-4719-BD4D-BD792097FE0D}.Release|Any CPU.ActiveCfg = Release|Any CPU
		{C072EAF5-6145-4719-BD4D-BD792097FE0D}.Release|Any CPU.Build.0 = Release|Any CPU
		{C072EAF5-6145-4719-BD4D-BD792097FE0D}.Release|x64.ActiveCfg = Release|Any CPU
		{C072EAF5-6145-4719-BD4D-BD792097FE0D}.Release|x64.Build.0 = Release|Any CPU
		{C072EAF5-6145-4719-BD4D-BD792097FE0D}.Release|x86.ActiveCfg = Release|Any CPU
		{C072EAF5-6145-4719-BD4D-BD792097FE0D}.Release|x86.Build.0 = Release|Any CPU
	EndGlobalSection
	GlobalSection(SolutionProperties) = preSolution
		HideSolutionNode = FALSE
	EndGlobalSection
EndGlobal
